hash: e95dca9d2d7198d782ec0202f8ad67eb4a469aef4a9557dd6bc1a303150e4244
updated: 2017-08-18T18:10:49.123601666+08:00
imports:
- name: github.com/adelowo/onecache
  version: faf3e8475cc574f6867afbea864937357ad8de83
- name: github.com/gorilla/mux
  version: bcd8bc72b08df0f70df986b97f95590779502d31
- name: github.com/PuerkitoBio/goquery
  version: e1271ee34c6a305e38566ecd27ae374944907ee9
- name: github.com/tidwall/gjson
  version: 4e8f0c7f2819fc0eceeae4d08df9dd92080b1b48
testImports: []
